// !$*UTF8*$!
{
	archiveVersion = 1;
	classes = {
	};
	objectVersion = 56;
	objects = {

/* Begin PBXBuildFile section */
		2A0D99812A90BF94006EA300 /* ParkingAttributes.swift in Sources */ = {isa = PBXBuildFile; fileRef = 2A0D99802A90BF94006EA300 /* ParkingAttributes.swift */; };
		2A0D99822A90BF94006EA300 /* ParkingAttributes.swift in Sources */ = {isa = PBXBuildFile; fileRef = 2A0D99802A90BF94006EA300 /* ParkingAttributes.swift */; };
		2A0D99842A90C839006EA300 /* StartingView.swift in Sources */ = {isa = PBXBuildFile; fileRef = 2A0D99832A90C839006EA300 /* StartingView.swift */; };
		2A0D99862A90C86F006EA300 /* ParkedView.swift in Sources */ = {isa = PBXBuildFile; fileRef = 2A0D99852A90C86F006EA300 /* ParkedView.swift */; };
		2A0D99882A90C89B006EA300 /* UnparkedView.swift in Sources */ = {isa = PBXBuildFile; fileRef = 2A0D99872A90C89B006EA300 /* UnparkedView.swift */; };
		2A0D998A2A90C917006EA300 /* ParkingGrid.swift in Sources */ = {isa = PBXBuildFile; fileRef = 2A0D99892A90C917006EA300 /* ParkingGrid.swift */; };
		2A0D998C2A90C933006EA300 /* EditProfileView.swift in Sources */ = {isa = PBXBuildFile; fileRef = 2A0D998B2A90C933006EA300 /* EditProfileView.swift */; };
		2A51B37D2A8D19D800B37A14 /* fw_parking_lot_pitchApp.swift in Sources */ = {isa = PBXBuildFile; fileRef = 2A51B37C2A8D19D800B37A14 /* fw_parking_lot_pitchApp.swift */; };
		2A51B3812A8D19D900B37A14 /* Assets.xcassets in Resources */ = {isa = PBXBuildFile; fileRef = 2A51B3802A8D19D900B37A14 /* Assets.xcassets */; };
		2A51B3842A8D19D900B37A14 /* Preview Assets.xcassets in Resources */ = {isa = PBXBuildFile; fileRef = 2A51B3832A8D19D900B37A14 /* Preview Assets.xcassets */; };
		2A51B3932A8E190200B37A14 /* ContentView.swift in Sources */ = {isa = PBXBuildFile; fileRef = 2A51B3922A8E190200B37A14 /* ContentView.swift */; };
		2A51B39B2A8E342500B37A14 /* WidgetKit.framework in Frameworks */ = {isa = PBXBuildFile; fileRef = 2A51B39A2A8E342500B37A14 /* WidgetKit.framework */; };
		2A51B39D2A8E342500B37A14 /* SwiftUI.framework in Frameworks */ = {isa = PBXBuildFile; fileRef = 2A51B39C2A8E342500B37A14 /* SwiftUI.framework */; };
		2A51B3A02A8E342500B37A14 /* parking_lot_widgetBundle.swift in Sources */ = {isa = PBXBuildFile; fileRef = 2A51B39F2A8E342500B37A14 /* parking_lot_widgetBundle.swift */; };
		2A51B3A22A8E342500B37A14 /* parking_lot_widgetLiveActivity.swift in Sources */ = {isa = PBXBuildFile; fileRef = 2A51B3A12A8E342500B37A14 /* parking_lot_widgetLiveActivity.swift */; };
		2A51B3A42A8E342500B37A14 /* parking_lot_widget.swift in Sources */ = {isa = PBXBuildFile; fileRef = 2A51B3A32A8E342500B37A14 /* parking_lot_widget.swift */; };
		2A51B3A62A8E342700B37A14 /* Assets.xcassets in Resources */ = {isa = PBXBuildFile; fileRef = 2A51B3A52A8E342700B37A14 /* Assets.xcassets */; };
		2A51B3AA2A8E342700B37A14 /* parking-lot-widgetExtension.appex in Embed Foundation Extensions */ = {isa = PBXBuildFile; fileRef = 2A51B3982A8E342500B37A14 /* parking-lot-widgetExtension.appex */; settings = {ATTRIBUTES = (RemoveHeadersOnCopy, ); }; };
		2A51B3B02A8E37AC00B37A14 /* DataService.swift in Sources */ = {isa = PBXBuildFile; fileRef = 2A51B3AF2A8E37AC00B37A14 /* DataService.swift */; };
		2A51B3B12A8E386C00B37A14 /* DataService.swift in Sources */ = {isa = PBXBuildFile; fileRef = 2A51B3AF2A8E37AC00B37A14 /* DataService.swift */; };
/* End PBXBuildFile section */

/* Begin PBXContainerItemProxy section */
		2A51B3A82A8E342700B37A14 /* PBXContainerItemProxy */ = {
			isa = PBXContainerItemProxy;
			containerPortal = 2A51B3712A8D19D800B37A14 /* Project object */;
			proxyType = 1;
			remoteGlobalIDString = 2A51B3972A8E342500B37A14;
			remoteInfo = "parking-lot-widgetExtension";
		};
/* End PBXContainerItemProxy section */

/* Begin PBXCopyFilesBuildPhase section */
		2A51B3AE2A8E342700B37A14 /* Embed Foundation Extensions */ = {
			isa = PBXCopyFilesBuildPhase;
			buildActionMask = 2147483647;
			dstPath = "";
			dstSubfolderSpec = 13;
			files = (
				2A51B3AA2A8E342700B37A14 /* parking-lot-widgetExtension.appex in Embed Foundation Extensions */,
			);
			name = "Embed Foundation Extensions";
			runOnlyForDeploymentPostprocessing = 0;
		};
/* End PBXCopyFilesBuildPhase section */

/* Begin PBXFileReference section */
		2A0D99802A90BF94006EA300 /* ParkingAttributes.swift */ = {isa = PBXFileReference; lastKnownFileType = sourcecode.swift; path = ParkingAttributes.swift; sourceTree = "<group>"; };
		2A0D99832A90C839006EA300 /* StartingView.swift */ = {isa = PBXFileReference; lastKnownFileType = sourcecode.swift; path = StartingView.swift; sourceTree = "<group>"; };
		2A0D99852A90C86F006EA300 /* ParkedView.swift */ = {isa = PBXFileReference; lastKnownFileType = sourcecode.swift; path = ParkedView.swift; sourceTree = "<group>"; };
		2A0D99872A90C89B006EA300 /* UnparkedView.swift */ = {isa = PBXFileReference; lastKnownFileType = sourcecode.swift; path = UnparkedView.swift; sourceTree = "<group>"; };
		2A0D99892A90C917006EA300 /* ParkingGrid.swift */ = {isa = PBXFileReference; lastKnownFileType = sourcecode.swift; path = ParkingGrid.swift; sourceTree = "<group>"; };
		2A0D998B2A90C933006EA300 /* EditProfileView.swift */ = {isa = PBXFileReference; lastKnownFileType = sourcecode.swift; path = EditProfileView.swift; sourceTree = "<group>"; };
		2A0D998D2A910076006EA300 /* Info.plist */ = {isa = PBXFileReference; lastKnownFileType = text.plist; path = Info.plist; sourceTree = "<group>"; };
		2A51B3792A8D19D800B37A14 /* fw-parking-lot-pitch.app */ = {isa = PBXFileReference; explicitFileType = wrapper.application; includeInIndex = 0; path = "fw-parking-lot-pitch.app"; sourceTree = BUILT_PRODUCTS_DIR; };
		2A51B37C2A8D19D800B37A14 /* fw_parking_lot_pitchApp.swift */ = {isa = PBXFileReference; lastKnownFileType = sourcecode.swift; path = fw_parking_lot_pitchApp.swift; sourceTree = "<group>"; };
		2A51B3802A8D19D900B37A14 /* Assets.xcassets */ = {isa = PBXFileReference; lastKnownFileType = folder.assetcatalog; path = Assets.xcassets; sourceTree = "<group>"; };
		2A51B3832A8D19D900B37A14 /* Preview Assets.xcassets */ = {isa = PBXFileReference; lastKnownFileType = folder.assetcatalog; path = "Preview Assets.xcassets"; sourceTree = "<group>"; };
		2A51B3922A8E190200B37A14 /* ContentView.swift */ = {isa = PBXFileReference; fileEncoding = 4; lastKnownFileType = sourcecode.swift; path = ContentView.swift; sourceTree = "<group>"; };
		2A51B3982A8E342500B37A14 /* parking-lot-widgetExtension.appex */ = {isa = PBXFileReference; explicitFileType = "wrapper.app-extension"; includeInIndex = 0; path = "parking-lot-widgetExtension.appex"; sourceTree = BUILT_PRODUCTS_DIR; };
		2A51B39A2A8E342500B37A14 /* WidgetKit.framework */ = {isa = PBXFileReference; lastKnownFileType = wrapper.framework; name = WidgetKit.framework; path = System/Library/Frameworks/WidgetKit.framework; sourceTree = SDKROOT; };
		2A51B39C2A8E342500B37A14 /* SwiftUI.framework */ = {isa = PBXFileReference; lastKnownFileType = wrapper.framework; name = SwiftUI.framework; path = System/Library/Frameworks/SwiftUI.framework; sourceTree = SDKROOT; };
		2A51B39F2A8E342500B37A14 /* parking_lot_widgetBundle.swift */ = {isa = PBXFileReference; lastKnownFileType = sourcecode.swift; path = parking_lot_widgetBundle.swift; sourceTree = "<group>"; };
		2A51B3A12A8E342500B37A14 /* parking_lot_widgetLiveActivity.swift */ = {isa = PBXFileReference; lastKnownFileType = sourcecode.swift; path = parking_lot_widgetLiveActivity.swift; sourceTree = "<group>"; };
		2A51B3A32A8E342500B37A14 /* parking_lot_widget.swift */ = {isa = PBXFileReference; lastKnownFileType = sourcecode.swift; path = parking_lot_widget.swift; sourceTree = "<group>"; };
		2A51B3A52A8E342700B37A14 /* Assets.xcassets */ = {isa = PBXFileReference; lastKnownFileType = folder.assetcatalog; path = Assets.xcassets; sourceTree = "<group>"; };
		2A51B3A72A8E342700B37A14 /* Info.plist */ = {isa = PBXFileReference; lastKnownFileType = text.plist.xml; path = Info.plist; sourceTree = "<group>"; };
		2A51B3AF2A8E37AC00B37A14 /* DataService.swift */ = {isa = PBXFileReference; lastKnownFileType = sourcecode.swift; path = DataService.swift; sourceTree = "<group>"; };
		2A51B3B22A8E3A9900B37A14 /* fw-parking-lot-pitch.entitlements */ = {isa = PBXFileReference; lastKnownFileType = text.plist.entitlements; path = "fw-parking-lot-pitch.entitlements"; sourceTree = "<group>"; };
		2A51B3B32A8E3AE000B37A14 /* parking-lot-widgetExtension.entitlements */ = {isa = PBXFileReference; lastKnownFileType = text.plist.entitlements; path = "parking-lot-widgetExtension.entitlements"; sourceTree = "<group>"; };
/* End PBXFileReference section */

/* Begin PBXFrameworksBuildPhase section */
		2A51B3762A8D19D800B37A14 /* Frameworks */ = {
			isa = PBXFrameworksBuildPhase;
			buildActionMask = 2147483647;
			files = (
			);
			runOnlyForDeploymentPostprocessing = 0;
		};
		2A51B3952A8E342500B37A14 /* Frameworks */ = {
			isa = PBXFrameworksBuildPhase;
			buildActionMask = 2147483647;
			files = (
				2A51B39D2A8E342500B37A14 /* SwiftUI.framework in Frameworks */,
				2A51B39B2A8E342500B37A14 /* WidgetKit.framework in Frameworks */,
			);
			runOnlyForDeploymentPostprocessing = 0;
		};
/* End PBXFrameworksBuildPhase section */

/* Begin PBXGroup section */
		2A51B3702A8D19D800B37A14 = {
			isa = PBXGroup;
			children = (
				2A51B3B32A8E3AE000B37A14 /* parking-lot-widgetExtension.entitlements */,
				2A51B37B2A8D19D800B37A14 /* fw-parking-lot-pitch */,
				2A51B39E2A8E342500B37A14 /* parking-lot-widget */,
				2A51B3992A8E342500B37A14 /* Frameworks */,
				2A51B37A2A8D19D800B37A14 /* Products */,
			);
			sourceTree = "<group>";
		};
		2A51B37A2A8D19D800B37A14 /* Products */ = {
			isa = PBXGroup;
			children = (
				2A51B3792A8D19D800B37A14 /* fw-parking-lot-pitch.app */,
				2A51B3982A8E342500B37A14 /* parking-lot-widgetExtension.appex */,
			);
			name = Products;
			sourceTree = "<group>";
		};
		2A51B37B2A8D19D800B37A14 /* fw-parking-lot-pitch */ = {
			isa = PBXGroup;
			children = (
				2A0D998D2A910076006EA300 /* Info.plist */,
				2A51B3B22A8E3A9900B37A14 /* fw-parking-lot-pitch.entitlements */,
				2A51B37C2A8D19D800B37A14 /* fw_parking_lot_pitchApp.swift */,
				2A51B3922A8E190200B37A14 /* ContentView.swift */,
				2A0D998B2A90C933006EA300 /* EditProfileView.swift */,
				2A0D99892A90C917006EA300 /* ParkingGrid.swift */,
				2A0D99872A90C89B006EA300 /* UnparkedView.swift */,
				2A0D99852A90C86F006EA300 /* ParkedView.swift */,
				2A0D99832A90C839006EA300 /* StartingView.swift */,
				2A51B3802A8D19D900B37A14 /* Assets.xcassets */,
				2A51B3822A8D19D900B37A14 /* Preview Content */,
			);
			path = "fw-parking-lot-pitch";
			sourceTree = "<group>";
		};
		2A51B3822A8D19D900B37A14 /* Preview Content */ = {
			isa = PBXGroup;
			children = (
				2A51B3832A8D19D900B37A14 /* Preview Assets.xcassets */,
			);
			path = "Preview Content";
			sourceTree = "<group>";
		};
		2A51B3992A8E342500B37A14 /* Frameworks */ = {
			isa = PBXGroup;
			children = (
				2A51B39A2A8E342500B37A14 /* WidgetKit.framework */,
				2A51B39C2A8E342500B37A14 /* SwiftUI.framework */,
			);
			name = Frameworks;
			sourceTree = "<group>";
		};
		2A51B39E2A8E342500B37A14 /* parking-lot-widget */ = {
			isa = PBXGroup;
			children = (
				2A51B39F2A8E342500B37A14 /* parking_lot_widgetBundle.swift */,
				2A51B3A12A8E342500B37A14 /* parking_lot_widgetLiveActivity.swift */,
				2A0D99802A90BF94006EA300 /* ParkingAttributes.swift */,
				2A51B3A32A8E342500B37A14 /* parking_lot_widget.swift */,
				2A51B3AF2A8E37AC00B37A14 /* DataService.swift */,
				2A51B3A52A8E342700B37A14 /* Assets.xcassets */,
				2A51B3A72A8E342700B37A14 /* Info.plist */,
			);
			path = "parking-lot-widget";
			sourceTree = "<group>";
		};
/* End PBXGroup section */

/* Begin PBXNativeTarget section */
		2A51B3782A8D19D800B37A14 /* fw-parking-lot-pitch */ = {
			isa = PBXNativeTarget;
			buildConfigurationList = 2A51B3872A8D19D900B37A14 /* Build configuration list for PBXNativeTarget "fw-parking-lot-pitch" */;
			buildPhases = (
				2A51B3752A8D19D800B37A14 /* Sources */,
				2A51B3762A8D19D800B37A14 /* Frameworks */,
				2A51B3772A8D19D800B37A14 /* Resources */,
				2A51B3AE2A8E342700B37A14 /* Embed Foundation Extensions */,
			);
			buildRules = (
			);
			dependencies = (
				2A51B3A92A8E342700B37A14 /* PBXTargetDependency */,
			);
			name = "fw-parking-lot-pitch";
			productName = "fw-parking-lot-pitch";
			productReference = 2A51B3792A8D19D800B37A14 /* fw-parking-lot-pitch.app */;
			productType = "com.apple.product-type.application";
		};
		2A51B3972A8E342500B37A14 /* parking-lot-widgetExtension */ = {
			isa = PBXNativeTarget;
			buildConfigurationList = 2A51B3AB2A8E342700B37A14 /* Build configuration list for PBXNativeTarget "parking-lot-widgetExtension" */;
			buildPhases = (
				2A51B3942A8E342500B37A14 /* Sources */,
				2A51B3952A8E342500B37A14 /* Frameworks */,
				2A51B3962A8E342500B37A14 /* Resources */,
			);
			buildRules = (
			);
			dependencies = (
			);
			name = "parking-lot-widgetExtension";
			productName = "parking-lot-widgetExtension";
			productReference = 2A51B3982A8E342500B37A14 /* parking-lot-widgetExtension.appex */;
			productType = "com.apple.product-type.app-extension";
		};
/* End PBXNativeTarget section */

/* Begin PBXProject section */
		2A51B3712A8D19D800B37A14 /* Project object */ = {
			isa = PBXProject;
			attributes = {
				BuildIndependentTargetsInParallel = 1;
				LastSwiftUpdateCheck = 1420;
				LastUpgradeCheck = 1420;
				TargetAttributes = {
					2A51B3782A8D19D800B37A14 = {
						CreatedOnToolsVersion = 14.2;
					};
					2A51B3972A8E342500B37A14 = {
						CreatedOnToolsVersion = 14.2;
					};
				};
			};
			buildConfigurationList = 2A51B3742A8D19D800B37A14 /* Build configuration list for PBXProject "fw-parking-lot-pitch" */;
			compatibilityVersion = "Xcode 14.0";
			developmentRegion = en;
			hasScannedForEncodings = 0;
			knownRegions = (
				en,
				Base,
			);
			mainGroup = 2A51B3702A8D19D800B37A14;
			productRefGroup = 2A51B37A2A8D19D800B37A14 /* Products */;
			projectDirPath = "";
			projectRoot = "";
			targets = (
				2A51B3782A8D19D800B37A14 /* fw-parking-lot-pitch */,
				2A51B3972A8E342500B37A14 /* parking-lot-widgetExtension */,
			);
		};
/* End PBXProject section */

/* Begin PBXResourcesBuildPhase section */
		2A51B3772A8D19D800B37A14 /* Resources */ = {
			isa = PBXResourcesBuildPhase;
			buildActionMask = 2147483647;
			files = (
				2A51B3842A8D19D900B37A14 /* Preview Assets.xcassets in Resources */,
				2A51B3812A8D19D900B37A14 /* Assets.xcassets in Resources */,
			);
			runOnlyForDeploymentPostprocessing = 0;
		};
		2A51B3962A8E342500B37A14 /* Resources */ = {
			isa = PBXResourcesBuildPhase;
			buildActionMask = 2147483647;
			files = (
				2A51B3A62A8E342700B37A14 /* Assets.xcassets in Resources */,
			);
			runOnlyForDeploymentPostprocessing = 0;
		};
/* End PBXResourcesBuildPhase section */

/* Begin PBXSourcesBuildPhase section */
		2A51B3752A8D19D800B37A14 /* Sources */ = {
			isa = PBXSourcesBuildPhase;
			buildActionMask = 2147483647;
			files = (
				2A0D99882A90C89B006EA300 /* UnparkedView.swift in Sources */,
				2A51B3B02A8E37AC00B37A14 /* DataService.swift in Sources */,
				2A0D99812A90BF94006EA300 /* ParkingAttributes.swift in Sources */,
				2A51B3932A8E190200B37A14 /* ContentView.swift in Sources */,
				2A0D998C2A90C933006EA300 /* EditProfileView.swift in Sources */,
				2A0D99862A90C86F006EA300 /* ParkedView.swift in Sources */,
				2A51B37D2A8D19D800B37A14 /* fw_parking_lot_pitchApp.swift in Sources */,
				2A0D998A2A90C917006EA300 /* ParkingGrid.swift in Sources */,
				2A0D99842A90C839006EA300 /* StartingView.swift in Sources */,
			);
			runOnlyForDeploymentPostprocessing = 0;
		};
		2A51B3942A8E342500B37A14 /* Sources */ = {
			isa = PBXSourcesBuildPhase;
			buildActionMask = 2147483647;
			files = (
				2A51B3A02A8E342500B37A14 /* parking_lot_widgetBundle.swift in Sources */,
				2A51B3A22A8E342500B37A14 /* parking_lot_widgetLiveActivity.swift in Sources */,
				2A0D99822A90BF94006EA300 /* ParkingAttributes.swift in Sources */,
				2A51B3A42A8E342500B37A14 /* parking_lot_widget.swift in Sources */,
				2A51B3B12A8E386C00B37A14 /* DataService.swift in Sources */,
			);
			runOnlyForDeploymentPostprocessing = 0;
		};
/* End PBXSourcesBuildPhase section */

/* Begin PBXTargetDependency section */
		2A51B3A92A8E342700B37A14 /* PBXTargetDependency */ = {
			isa = PBXTargetDependency;
			target = 2A51B3972A8E342500B37A14 /* parking-lot-widgetExtension */;
			targetProxy = 2A51B3A82A8E342700B37A14 /* PBXContainerItemProxy */;
		};
/* End PBXTargetDependency section */

/* Begin XCBuildConfiguration section */
		2A51B3852A8D19D900B37A14 /* Debug */ = {
			isa = XCBuildConfiguration;
			buildSettings = {
				ALWAYS_SEARCH_USER_PATHS = NO;
				CLANG_ANALYZER_NONNULL = YES;
				CLANG_ANALYZER_NUMBER_OBJECT_CONVERSION = YES_AGGRESSIVE;
				CLANG_CXX_LANGUAGE_STANDARD = "gnu++20";
				CLANG_ENABLE_MODULES = YES;
				CLANG_ENABLE_OBJC_ARC = YES;
				CLANG_ENABLE_OBJC_WEAK = YES;
				CLANG_WARN_BLOCK_CAPTURE_AUTORELEASING = YES;
				CLANG_WARN_BOOL_CONVERSION = YES;
				CLANG_WARN_COMMA = YES;
				CLANG_WARN_CONSTANT_CONVERSION = YES;
				CLANG_WARN_DEPRECATED_OBJC_IMPLEMENTATIONS = YES;
				CLANG_WARN_DIRECT_OBJC_ISA_USAGE = YES_ERROR;
				CLANG_WARN_DOCUMENTATION_COMMENTS = YES;
				CLANG_WARN_EMPTY_BODY = YES;
				CLANG_WARN_ENUM_CONVERSION = YES;
				CLANG_WARN_INFINITE_RECURSION = YES;
				CLANG_WARN_INT_CONVERSION = YES;
				CLANG_WARN_NON_LITERAL_NULL_CONVERSION = YES;
				CLANG_WARN_OBJC_IMPLICIT_RETAIN_SELF = YES;
				CLANG_WARN_OBJC_LITERAL_CONVERSION = YES;
				CLANG_WARN_OBJC_ROOT_CLASS = YES_ERROR;
				CLANG_WARN_QUOTED_INCLUDE_IN_FRAMEWORK_HEADER = YES;
				CLANG_WARN_RANGE_LOOP_ANALYSIS = YES;
				CLANG_WARN_STRICT_PROTOTYPES = YES;
				CLANG_WARN_SUSPICIOUS_MOVE = YES;
				CLANG_WARN_UNGUARDED_AVAILABILITY = YES_AGGRESSIVE;
				CLANG_WARN_UNREACHABLE_CODE = YES;
				CLANG_WARN__DUPLICATE_METHOD_MATCH = YES;
				COPY_PHASE_STRIP = NO;
				DEBUG_INFORMATION_FORMAT = dwarf;
				ENABLE_STRICT_OBJC_MSGSEND = YES;
				ENABLE_TESTABILITY = YES;
				GCC_C_LANGUAGE_STANDARD = gnu11;
				GCC_DYNAMIC_NO_PIC = NO;
				GCC_NO_COMMON_BLOCKS = YES;
				GCC_OPTIMIZATION_LEVEL = 0;
				GCC_PREPROCESSOR_DEFINITIONS = (
					"DEBUG=1",
					"$(inherited)",
				);
				GCC_WARN_64_TO_32_BIT_CONVERSION = YES;
				GCC_WARN_ABOUT_RETURN_TYPE = YES_ERROR;
				GCC_WARN_UNDECLARED_SELECTOR = YES;
				GCC_WARN_UNINITIALIZED_AUTOS = YES_AGGRESSIVE;
				GCC_WARN_UNUSED_FUNCTION = YES;
				GCC_WARN_UNUSED_VARIABLE = YES;
				IPHONEOS_DEPLOYMENT_TARGET = 16.2;
				MTL_ENABLE_DEBUG_INFO = INCLUDE_SOURCE;
				MTL_FAST_MATH = YES;
				ONLY_ACTIVE_ARCH = YES;
				SDKROOT = iphoneos;
				SWIFT_ACTIVE_COMPILATION_CONDITIONS = DEBUG;
				SWIFT_OPTIMIZATION_LEVEL = "-Onone";
			};
			name = Debug;
		};
		2A51B3862A8D19D900B37A14 /* Release */ = {
			isa = XCBuildConfiguration;
			buildSettings = {
				ALWAYS_SEARCH_USER_PATHS = NO;
				CLANG_ANALYZER_NONNULL = YES;
				CLANG_ANALYZER_NUMBER_OBJECT_CONVERSION = YES_AGGRESSIVE;
				CLANG_CXX_LANGUAGE_STANDARD = "gnu++20";
				CLANG_ENABLE_MODULES = YES;
				CLANG_ENABLE_OBJC_ARC = YES;
				CLANG_ENABLE_OBJC_WEAK = YES;
				CLANG_WARN_BLOCK_CAPTURE_AUTORELEASING = YES;
				CLANG_WARN_BOOL_CONVERSION = YES;
				CLANG_WARN_COMMA = YES;
				CLANG_WARN_CONSTANT_CONVERSION = YES;
				CLANG_WARN_DEPRECATED_OBJC_IMPLEMENTATIONS = YES;
				CLANG_WARN_DIRECT_OBJC_ISA_USAGE = YES_ERROR;
				CLANG_WARN_DOCUMENTATION_COMMENTS = YES;
				CLANG_WARN_EMPTY_BODY = YES;
				CLANG_WARN_ENUM_CONVERSION = YES;
				CLANG_WARN_INFINITE_RECURSION = YES;
				CLANG_WARN_INT_CONVERSION = YES;
				CLANG_WARN_NON_LITERAL_NULL_CONVERSION = YES;
				CLANG_WARN_OBJC_IMPLICIT_RETAIN_SELF = YES;
				CLANG_WARN_OBJC_LITERAL_CONVERSION = YES;
				CLANG_WARN_OBJC_ROOT_CLASS = YES_ERROR;
				CLANG_WARN_QUOTED_INCLUDE_IN_FRAMEWORK_HEADER = YES;
				CLANG_WARN_RANGE_LOOP_ANALYSIS = YES;
				CLANG_WARN_STRICT_PROTOTYPES = YES;
				CLANG_WARN_SUSPICIOUS_MOVE = YES;
				CLANG_WARN_UNGUARDED_AVAILABILITY = YES_AGGRESSIVE;
				CLANG_WARN_UNREACHABLE_CODE = YES;
				CLANG_WARN__DUPLICATE_METHOD_MATCH = YES;
				COPY_PHASE_STRIP = NO;
				DEBUG_INFORMATION_FORMAT = "dwarf-with-dsym";
				ENABLE_NS_ASSERTIONS = NO;
				ENABLE_STRICT_OBJC_MSGSEND = YES;
				GCC_C_LANGUAGE_STANDARD = gnu11;
				GCC_NO_COMMON_BLOCKS = YES;
				GCC_WARN_64_TO_32_BIT_CONVERSION = YES;
				GCC_WARN_ABOUT_RETURN_TYPE = YES_ERROR;
				GCC_WARN_UNDECLARED_SELECTOR = YES;
				GCC_WARN_UNINITIALIZED_AUTOS = YES_AGGRESSIVE;
				GCC_WARN_UNUSED_FUNCTION = YES;
				GCC_WARN_UNUSED_VARIABLE = YES;
				IPHONEOS_DEPLOYMENT_TARGET = 16.2;
				MTL_ENABLE_DEBUG_INFO = NO;
				MTL_FAST_MATH = YES;
				SDKROOT = iphoneos;
				SWIFT_COMPILATION_MODE = wholemodule;
				SWIFT_OPTIMIZATION_LEVEL = "-O";
				VALIDATE_PRODUCT = YES;
			};
			name = Release;
		};
		2A51B3882A8D19D900B37A14 /* Debug */ = {
			isa = XCBuildConfiguration;
			buildSettings = {
				ALWAYS_EMBED_SWIFT_STANDARD_LIBRARIES = YES;
				ASSETCATALOG_COMPILER_APPICON_NAME = AppIcon;
				ASSETCATALOG_COMPILER_GLOBAL_ACCENT_COLOR_NAME = AccentColor;
				CODE_SIGN_ENTITLEMENTS = "fw-parking-lot-pitch/fw-parking-lot-pitch.entitlements";
				CODE_SIGN_IDENTITY = "Apple Development";
				CODE_SIGN_STYLE = Automatic;
				CURRENT_PROJECT_VERSION = 1;
				DEVELOPMENT_ASSET_PATHS = "\"fw-parking-lot-pitch/Preview Content\"";
				DEVELOPMENT_TEAM = F94732585Z;
				ENABLE_PREVIEWS = YES;
				GENERATE_INFOPLIST_FILE = YES;
				INFOPLIST_FILE = "fw-parking-lot-pitch/Info.plist";
				INFOPLIST_KEY_NSSupportsLiveActivities = YES;
				INFOPLIST_KEY_UIApplicationSceneManifest_Generation = YES;
				INFOPLIST_KEY_UIApplicationSupportsIndirectInputEvents = YES;
				INFOPLIST_KEY_UILaunchScreen_Generation = YES;
				INFOPLIST_KEY_UISupportedInterfaceOrientations_iPad = "UIInterfaceOrientationPortrait UIInterfaceOrientationPortraitUpsideDown UIInterfaceOrientationLandscapeLeft UIInterfaceOrientationLandscapeRight";
				INFOPLIST_KEY_UISupportedInterfaceOrientations_iPhone = "UIInterfaceOrientationPortrait UIInterfaceOrientationLandscapeLeft UIInterfaceOrientationLandscapeRight";
				LD_RUNPATH_SEARCH_PATHS = (
					"$(inherited)",
					"@executable_path/Frameworks",
				);
				MARKETING_VERSION = 1.0;
				PRODUCT_BUNDLE_IDENTIFIER = "com.futureworkshops.widget.parking-lot";
				PRODUCT_NAME = "$(TARGET_NAME)";
				PROVISIONING_PROFILE_SPECIFIER = "";
				SWIFT_EMIT_LOC_STRINGS = YES;
				SWIFT_VERSION = 5.0;
				TARGETED_DEVICE_FAMILY = "1,2";
			};
			name = Debug;
		};
		2A51B3892A8D19D900B37A14 /* Release */ = {
			isa = XCBuildConfiguration;
			buildSettings = {
				ALWAYS_EMBED_SWIFT_STANDARD_LIBRARIES = YES;
				ASSETCATALOG_COMPILER_APPICON_NAME = AppIcon;
				ASSETCATALOG_COMPILER_GLOBAL_ACCENT_COLOR_NAME = AccentColor;
				CODE_SIGN_ENTITLEMENTS = "fw-parking-lot-pitch/fw-parking-lot-pitch.entitlements";
				CODE_SIGN_IDENTITY = "Apple Development";
				CODE_SIGN_STYLE = Automatic;
				CURRENT_PROJECT_VERSION = 1;
				DEVELOPMENT_ASSET_PATHS = "\"fw-parking-lot-pitch/Preview Content\"";
				DEVELOPMENT_TEAM = F94732585Z;
				ENABLE_PREVIEWS = YES;
				GENERATE_INFOPLIST_FILE = YES;
				INFOPLIST_FILE = "fw-parking-lot-pitch/Info.plist";
				INFOPLIST_KEY_NSSupportsLiveActivities = YES;
				INFOPLIST_KEY_UIApplicationSceneManifest_Generation = YES;
				INFOPLIST_KEY_UIApplicationSupportsIndirectInputEvents = YES;
				INFOPLIST_KEY_UILaunchScreen_Generation = YES;
				INFOPLIST_KEY_UISupportedInterfaceOrientations_iPad = "UIInterfaceOrientationPortrait UIInterfaceOrientationPortraitUpsideDown UIInterfaceOrientationLandscapeLeft UIInterfaceOrientationLandscapeRight";
				INFOPLIST_KEY_UISupportedInterfaceOrientations_iPhone = "UIInterfaceOrientationPortrait UIInterfaceOrientationLandscapeLeft UIInterfaceOrientationLandscapeRight";
				LD_RUNPATH_SEARCH_PATHS = (
					"$(inherited)",
					"@executable_path/Frameworks",
				);
				MARKETING_VERSION = 1.0;
				PRODUCT_BUNDLE_IDENTIFIER = "com.futureworkshops.widget.parking-lot";
				PRODUCT_NAME = "$(TARGET_NAME)";
				PROVISIONING_PROFILE_SPECIFIER = "";
				SWIFT_EMIT_LOC_STRINGS = YES;
				SWIFT_VERSION = 5.0;
				TARGETED_DEVICE_FAMILY = "1,2";
			};
			name = Release;
		};
		2A51B3AC2A8E342700B37A14 /* Debug */ = {
			isa = XCBuildConfiguration;
			buildSettings = {
				ASSETCATALOG_COMPILER_GLOBAL_ACCENT_COLOR_NAME = AccentColor;
				ASSETCATALOG_COMPILER_WIDGET_BACKGROUND_COLOR_NAME = WidgetBackground;
				CODE_SIGN_ENTITLEMENTS = "parking-lot-widgetExtension.entitlements";
				CODE_SIGN_STYLE = Automatic;
				CURRENT_PROJECT_VERSION = 1;
				DEVELOPMENT_TEAM = F94732585Z;
				GENERATE_INFOPLIST_FILE = YES;
				INFOPLIST_FILE = "parking-lot-widget/Info.plist";
				INFOPLIST_KEY_CFBundleDisplayName = "parking-lot-widget";
				INFOPLIST_KEY_NSHumanReadableCopyright = "";
				LD_RUNPATH_SEARCH_PATHS = (
					"$(inherited)",
					"@executable_path/Frameworks",
					"@executable_path/../../Frameworks",
				);
				MARKETING_VERSION = 1.0;
				PRODUCT_BUNDLE_IDENTIFIER = "com.futureworkshops.widget.parking-lot.widget";
				PRODUCT_NAME = "$(TARGET_NAME)";
				SKIP_INSTALL = YES;
				SWIFT_EMIT_LOC_STRINGS = YES;
				SWIFT_VERSION = 5.0;
				TARGETED_DEVICE_FAMILY = "1,2";
			};
			name = Debug;
		};
		2A51B3AD2A8E342700B37A14 /* Release */ = {
			isa = XCBuildConfiguration;
			buildSettings = {
				ASSETCATALOG_COMPILER_GLOBAL_ACCENT_COLOR_NAME = AccentColor;
				ASSETCATALOG_COMPILER_WIDGET_BACKGROUND_COLOR_NAME = WidgetBackground;
				CODE_SIGN_ENTITLEMENTS = "parking-lot-widgetExtension.entitlements";
				CODE_SIGN_STYLE = Automatic;
				CURRENT_PROJECT_VERSION = 1;
				DEVELOPMENT_TEAM = F94732585Z;
				GENERATE_INFOPLIST_FILE = YES;
				INFOPLIST_FILE = "parking-lot-widget/Info.plist";
				INFOPLIST_KEY_CFBundleDisplayName = "parking-lot-widget";
				INFOPLIST_KEY_NSHumanReadableCopyright = "";
				LD_RUNPATH_SEARCH_PATHS = (
					"$(inherited)",
					"@executable_path/Frameworks",
					"@executable_path/../../Frameworks",
				);
				MARKETING_VERSION = 1.0;
				PRODUCT_BUNDLE_IDENTIFIER = "com.futureworkshops.widget.parking-lot.widget";
				PRODUCT_NAME = "$(TARGET_NAME)";
				SKIP_INSTALL = YES;
				SWIFT_EMIT_LOC_STRINGS = YES;
				SWIFT_VERSION = 5.0;
				TARGETED_DEVICE_FAMILY = "1,2";
			};
			name = Release;
		};
/* End XCBuildConfiguration section */

/* Begin XCConfigurationList section */
		2A51B3742A8D19D800B37A14 /* Build configuration list for PBXProject "fw-parking-lot-pitch" */ = {
			isa = XCConfigurationList;
			buildConfigurations = (
				2A51B3852A8D19D900B37A14 /* Debug */,
				2A51B3862A8D19D900B37A14 /* Release */,
			);
			defaultConfigurationIsVisible = 0;
			defaultConfigurationName = Release;
		};
		2A51B3872A8D19D900B37A14 /* Build configuration list for PBXNativeTarget "fw-parking-lot-pitch" */ = {
			isa = XCConfigurationList;
			buildConfigurations = (
				2A51B3882A8D19D900B37A14 /* Debug */,
				2A51B3892A8D19D900B37A14 /* Release */,
			);
			defaultConfigurationIsVisible = 0;
			defaultConfigurationName = Release;
		};
		2A51B3AB2A8E342700B37A14 /* Build configuration list for PBXNativeTarget "parking-lot-widgetExtension" */ = {
			isa = XCConfigurationList;
			buildConfigurations = (
				2A51B3AC2A8E342700B37A14 /* Debug */,
				2A51B3AD2A8E342700B37A14 /* Release */,
			);
			defaultConfigurationIsVisible = 0;
			defaultConfigurationName = Release;
		};
/* End XCConfigurationList section */
	};
	rootObject = 2A51B3712A8D19D800B37A14 /* Project object */;
}
